
Microsoft Visual Studio Solution File, Format Version 12.00
# Visual Studio Version 17
VisualStudioVersion = 17.8.34316.72
MinimumVisualStudioVersion = 10.0.40219.1
Project("{FAE04EC0-301F-11D3-BF4B-00C04F79EFBC}") = "FormulaApi", "FormulaApi\FormulaApi.csproj", "{527ACE89-F96A-4C4F-B4A7-96384EA0B886}"
EndProject
Global
	GlobalSection(SolutionConfigurationPlatforms) = preSolution
		Debug|Any CPU = Debug|Any CPU
		Release|Any CPU = Release|Any CPU
	EndGlobalSection
	GlobalSection(ProjectConfigurationPlatforms) = postSolution
		{527ACE89-F96A-4C4F-B4A7-96384EA0B886}.Debug|Any CPU.ActiveCfg = Debug|Any CPU
		{527ACE89-F96A-4C4F-B4A7-96384EA0B886}.Debug|Any CPU.Build.0 = Debug|Any CPU
		{527ACE89-F96A-4C4F-B4A7-96384EA0B886}.Release|Any CPU.ActiveCfg = Release|Any CPU
		{527ACE89-F96A-4C4F-B4A7-96384EA0B886}.Release|Any CPU.Build.0 = Release|Any CPU
	EndGlobalSection
	GlobalSection(SolutionProperties) = preSolution
		HideSolutionNode = FALSE
	EndGlobalSection
	GlobalSection(ExtensibilityGlobals) = postSolution
		SolutionGuid = {06A3E452-C6D6-472D-8592-E58DE506BFF7}
	EndGlobalSection
EndGlobal
